// !$*UTF8*$!
{
	archiveVersion = 1;
	classes = {
	};
	objectVersion = 51;
	objects = {

/* Begin PBXBuildFile section */
		1C8CE4CD27A5CFAA00997527 /* AppDelegate.swift in Sources */ = {isa = PBXBuildFile; fileRef = 1C8CE4CC27A5CFAA00997527 /* AppDelegate.swift */; };
		1C8CE4CF27A5CFAA00997527 /* SceneDelegate.swift in Sources */ = {isa = PBXBuildFile; fileRef = 1C8CE4CE27A5CFAA00997527 /* SceneDelegate.swift */; };
		1C8CE4D127A5CFAA00997527 /* ViewController.swift in Sources */ = {isa = PBXBuildFile; fileRef = 1C8CE4D027A5CFAA00997527 /* ViewController.swift */; };
		1C8CE4D427A5CFAA00997527 /* Main.storyboard in Resources */ = {isa = PBXBuildFile; fileRef = 1C8CE4D227A5CFAA00997527 /* Main.storyboard */; };
		1C8CE4D727A5CFAA00997527 /* hungr.xcdatamodeld in Sources */ = {isa = PBXBuildFile; fileRef = 1C8CE4D527A5CFAA00997527 /* hungr.xcdatamodeld */; };
		1C8CE4D927A5CFAD00997527 /* Assets.xcassets in Resources */ = {isa = PBXBuildFile; fileRef = 1C8CE4D827A5CFAD00997527 /* Assets.xcassets */; };
		1C8CE4DC27A5CFAD00997527 /* LaunchScreen.storyboard in Resources */ = {isa = PBXBuildFile; fileRef = 1C8CE4DA27A5CFAD00997527 /* LaunchScreen.storyboard */; };
		1C8CE4FC27A61F9900997527 /* IngredientSelectionViewController.swift in Sources */ = {isa = PBXBuildFile; fileRef = 1C8CE4FB27A61F9800997527 /* IngredientSelectionViewController.swift */; };
		1C8CE4FF27A636EB00997527 /* RecipeSelectionViewController.swift in Sources */ = {isa = PBXBuildFile; fileRef = 1C8CE4FE27A636EA00997527 /* RecipeSelectionViewController.swift */; };
		1CD72EF627A6CE2B00FAD1F4 /* ContentView.swift in Sources */ = {isa = PBXBuildFile; fileRef = 1CD72EF527A6CE2A00FAD1F4 /* ContentView.swift */; };
		4C5D5A9727A6E3A20026AFE7 /* hungrgreenlogo_small.png in Resources */ = {isa = PBXBuildFile; fileRef = 4C5D5A9627A6E3A20026AFE7 /* hungrgreenlogo_small.png */; };
		DF391D15ED88BCE6E0CD5212 /* Pods_hungr.framework in Frameworks */ = {isa = PBXBuildFile; fileRef = 35E729ED9881D6983B028434 /* Pods_hungr.framework */; };
/* End PBXBuildFile section */

/* Begin PBXFileReference section */
		1C8CE4C927A5CFAA00997527 /* hungr.app */ = {isa = PBXFileReference; explicitFileType = wrapper.application; includeInIndex = 0; path = hungr.app; sourceTree = BUILT_PRODUCTS_DIR; };
		1C8CE4CC27A5CFAA00997527 /* AppDelegate.swift */ = {isa = PBXFileReference; lastKnownFileType = sourcecode.swift; path = AppDelegate.swift; sourceTree = "<group>"; };
		1C8CE4CE27A5CFAA00997527 /* SceneDelegate.swift */ = {isa = PBXFileReference; lastKnownFileType = sourcecode.swift; path = SceneDelegate.swift; sourceTree = "<group>"; };
		1C8CE4D027A5CFAA00997527 /* ViewController.swift */ = {isa = PBXFileReference; lastKnownFileType = sourcecode.swift; path = ViewController.swift; sourceTree = "<group>"; };
		1C8CE4D327A5CFAA00997527 /* Base */ = {isa = PBXFileReference; lastKnownFileType = file.storyboard; name = Base; path = Base.lproj/Main.storyboard; sourceTree = "<group>"; };
		1C8CE4D627A5CFAA00997527 /* hungr.xcdatamodel */ = {isa = PBXFileReference; lastKnownFileType = wrapper.xcdatamodel; path = hungr.xcdatamodel; sourceTree = "<group>"; };
		1C8CE4D827A5CFAD00997527 /* Assets.xcassets */ = {isa = PBXFileReference; lastKnownFileType = folder.assetcatalog; path = Assets.xcassets; sourceTree = "<group>"; };
		1C8CE4DB27A5CFAD00997527 /* Base */ = {isa = PBXFileReference; lastKnownFileType = file.storyboard; name = Base; path = Base.lproj/LaunchScreen.storyboard; sourceTree = "<group>"; };
		1C8CE4DD27A5CFAD00997527 /* Info.plist */ = {isa = PBXFileReference; lastKnownFileType = text.plist.xml; path = Info.plist; sourceTree = "<group>"; };
		1C8CE4FB27A61F9800997527 /* IngredientSelectionViewController.swift */ = {isa = PBXFileReference; lastKnownFileType = sourcecode.swift; path = IngredientSelectionViewController.swift; sourceTree = "<group>"; };
		1C8CE4FE27A636EA00997527 /* RecipeSelectionViewController.swift */ = {isa = PBXFileReference; lastKnownFileType = sourcecode.swift; path = RecipeSelectionViewController.swift; sourceTree = "<group>"; };
		1CD72EF527A6CE2A00FAD1F4 /* ContentView.swift */ = {isa = PBXFileReference; lastKnownFileType = sourcecode.swift; path = ContentView.swift; sourceTree = "<group>"; };
		2B25DA0BEEF19D53E3F8BF3F /* Pods-hungr.release.xcconfig */ = {isa = PBXFileReference; includeInIndex = 1; lastKnownFileType = text.xcconfig; name = "Pods-hungr.release.xcconfig"; path = "Target Support Files/Pods-hungr/Pods-hungr.release.xcconfig"; sourceTree = "<group>"; };
		35E729ED9881D6983B028434 /* Pods_hungr.framework */ = {isa = PBXFileReference; explicitFileType = wrapper.framework; includeInIndex = 0; path = Pods_hungr.framework; sourceTree = BUILT_PRODUCTS_DIR; };
		4C5D5A9627A6E3A20026AFE7 /* hungrgreenlogo_small.png */ = {isa = PBXFileReference; lastKnownFileType = image.png; path = hungrgreenlogo_small.png; sourceTree = "<group>"; };
		5B3D5B575BF561050900079C /* Pods-hungr.debug.xcconfig */ = {isa = PBXFileReference; includeInIndex = 1; lastKnownFileType = text.xcconfig; name = "Pods-hungr.debug.xcconfig"; path = "Target Support Files/Pods-hungr/Pods-hungr.debug.xcconfig"; sourceTree = "<group>"; };
/* End PBXFileReference section */

/* Begin PBXFrameworksBuildPhase section */
		1C8CE4C627A5CFAA00997527 /* Frameworks */ = {
			isa = PBXFrameworksBuildPhase;
			buildActionMask = 2147483647;
			files = (
				DF391D15ED88BCE6E0CD5212 /* Pods_hungr.framework in Frameworks */,
			);
			runOnlyForDeploymentPostprocessing = 0;
		};
/* End PBXFrameworksBuildPhase section */

/* Begin PBXGroup section */
		00DB571FC1A02BA205D29321 /* Pods */ = {
			isa = PBXGroup;
			children = (
				5B3D5B575BF561050900079C /* Pods-hungr.debug.xcconfig */,
				2B25DA0BEEF19D53E3F8BF3F /* Pods-hungr.release.xcconfig */,
			);
			path = Pods;
			sourceTree = "<group>";
		};
		1C8CE4C027A5CFAA00997527 = {
			isa = PBXGroup;
			children = (
				1C8CE4CB27A5CFAA00997527 /* hungr */,
				1C8CE4CA27A5CFAA00997527 /* Products */,
				00DB571FC1A02BA205D29321 /* Pods */,
				4C3C318EF962AB4D6F659F21 /* Frameworks */,
			);
			sourceTree = "<group>";
		};
		1C8CE4CA27A5CFAA00997527 /* Products */ = {
			isa = PBXGroup;
			children = (
				1C8CE4C927A5CFAA00997527 /* hungr.app */,
			);
			name = Products;
			sourceTree = "<group>";
		};
		1C8CE4CB27A5CFAA00997527 /* hungr */ = {
			isa = PBXGroup;
			children = (
				4C5D5A9627A6E3A20026AFE7 /* hungrgreenlogo_small.png */,
				1C8CE4CC27A5CFAA00997527 /* AppDelegate.swift */,
				1C8CE4CE27A5CFAA00997527 /* SceneDelegate.swift */,
				1C8CE4D027A5CFAA00997527 /* ViewController.swift */,
				1C8CE4D227A5CFAA00997527 /* Main.storyboard */,
				1CD72EF527A6CE2A00FAD1F4 /* ContentView.swift */,
				1C8CE4FE27A636EA00997527 /* RecipeSelectionViewController.swift */,
				1C8CE4FB27A61F9800997527 /* IngredientSelectionViewController.swift */,
				1C8CE4D827A5CFAD00997527 /* Assets.xcassets */,
				1C8CE4DA27A5CFAD00997527 /* LaunchScreen.storyboard */,
				1C8CE4DD27A5CFAD00997527 /* Info.plist */,
				1C8CE4D527A5CFAA00997527 /* hungr.xcdatamodeld */,
			);
			path = hungr;
			sourceTree = "<group>";
		};
		4C3C318EF962AB4D6F659F21 /* Frameworks */ = {
			isa = PBXGroup;
			children = (
				35E729ED9881D6983B028434 /* Pods_hungr.framework */,
			);
			name = Frameworks;
			sourceTree = "<group>";
		};
/* End PBXGroup section */

/* Begin PBXNativeTarget section */
		1C8CE4C827A5CFAA00997527 /* hungr */ = {
			isa = PBXNativeTarget;
			buildConfigurationList = 1C8CE4E027A5CFAD00997527 /* Build configuration list for PBXNativeTarget "hungr" */;
			buildPhases = (
				217F4B3AB341BEC3DA182938 /* [CP] Check Pods Manifest.lock */,
				1C8CE4C527A5CFAA00997527 /* Sources */,
				1C8CE4C627A5CFAA00997527 /* Frameworks */,
				1C8CE4C727A5CFAA00997527 /* Resources */,
				56B23914CB2E89961588AC2E /* [CP] Embed Pods Frameworks */,
			);
			buildRules = (
			);
			dependencies = (
			);
			name = hungr;
			productName = hungr;
			productReference = 1C8CE4C927A5CFAA00997527 /* hungr.app */;
			productType = "com.apple.product-type.application";
		};
/* End PBXNativeTarget section */

/* Begin PBXProject section */
		1C8CE4C127A5CFAA00997527 /* Project object */ = {
			isa = PBXProject;
			attributes = {
				LastSwiftUpdateCheck = 1240;
				LastUpgradeCheck = 1240;
				TargetAttributes = {
					1C8CE4C827A5CFAA00997527 = {
						CreatedOnToolsVersion = 12.4;
					};
				};
			};
			buildConfigurationList = 1C8CE4C427A5CFAA00997527 /* Build configuration list for PBXProject "hungr" */;
			compatibilityVersion = "Xcode 9.3";
			developmentRegion = en;
			hasScannedForEncodings = 0;
			knownRegions = (
				en,
				Base,
			);
			mainGroup = 1C8CE4C027A5CFAA00997527;
			productRefGroup = 1C8CE4CA27A5CFAA00997527 /* Products */;
			projectDirPath = "";
			projectRoot = "";
			targets = (
				1C8CE4C827A5CFAA00997527 /* hungr */,
			);
		};
/* End PBXProject section */

/* Begin PBXResourcesBuildPhase section */
		1C8CE4C727A5CFAA00997527 /* Resources */ = {
			isa = PBXResourcesBuildPhase;
			buildActionMask = 2147483647;
			files = (
				1C8CE4DC27A5CFAD00997527 /* LaunchScreen.storyboard in Resources */,
				4C5D5A9727A6E3A20026AFE7 /* hungrgreenlogo_small.png in Resources */,
				1C8CE4D927A5CFAD00997527 /* Assets.xcassets in Resources */,
				1C8CE4D427A5CFAA00997527 /* Main.storyboard in Resources */,
			);
			runOnlyForDeploymentPostprocessing = 0;
		};
/* End PBXResourcesBuildPhase section */

/* Begin PBXShellScriptBuildPhase section */
		217F4B3AB341BEC3DA182938 /* [CP] Check Pods Manifest.lock */ = {
			isa = PBXShellScriptBuildPhase;
			buildActionMask = 2147483647;
			files = (
			);
			inputFileListPaths = (
			);
			inputPaths = (
				"${PODS_PODFILE_DIR_PATH}/Podfile.lock",
				"${PODS_ROOT}/Manifest.lock",
			);
			name = "[CP] Check Pods Manifest.lock";
			outputFileListPaths = (
			);
			outputPaths = (
				"$(DERIVED_FILE_DIR)/Pods-hungr-checkManifestLockResult.txt",
			);
			runOnlyForDeploymentPostprocessing = 0;
			shellPath = /bin/sh;
			shellScript = "diff \"${PODS_PODFILE_DIR_PATH}/Podfile.lock\" \"${PODS_ROOT}/Manifest.lock\" > /dev/null\nif [ $? != 0 ] ; then\n    # print error to STDERR\n    echo \"error: The sandbox is not in sync with the Podfile.lock. Run 'pod install' or update your CocoaPods installation.\" >&2\n    exit 1\nfi\n# This output is used by Xcode 'outputs' to avoid re-running this script phase.\necho \"SUCCESS\" > \"${SCRIPT_OUTPUT_FILE_0}\"\n";
			showEnvVarsInLog = 0;
		};
		56B23914CB2E89961588AC2E /* [CP] Embed Pods Frameworks */ = {
			isa = PBXShellScriptBuildPhase;
			buildActionMask = 2147483647;
			files = (
			);
			inputFileListPaths = (
				"${PODS_ROOT}/Target Support Files/Pods-hungr/Pods-hungr-frameworks-${CONFIGURATION}-input-files.xcfilelist",
			);
			name = "[CP] Embed Pods Frameworks";
			outputFileListPaths = (
				"${PODS_ROOT}/Target Support Files/Pods-hungr/Pods-hungr-frameworks-${CONFIGURATION}-output-files.xcfilelist",
			);
			runOnlyForDeploymentPostprocessing = 0;
			shellPath = /bin/sh;
			shellScript = "\"${PODS_ROOT}/Target Support Files/Pods-hungr/Pods-hungr-frameworks.sh\"\n";
			showEnvVarsInLog = 0;
		};
/* End PBXShellScriptBuildPhase section */

/* Begin PBXSourcesBuildPhase section */
		1C8CE4C527A5CFAA00997527 /* Sources */ = {
			isa = PBXSourcesBuildPhase;
			buildActionMask = 2147483647;
			files = (
				1C8CE4D127A5CFAA00997527 /* ViewController.swift in Sources */,
				1C8CE4FF27A636EB00997527 /* RecipeSelectionViewController.swift in Sources */,
				1CD72EF627A6CE2B00FAD1F4 /* ContentView.swift in Sources */,
				1C8CE4CD27A5CFAA00997527 /* AppDelegate.swift in Sources */,
				1C8CE4D727A5CFAA00997527 /* hungr.xcdatamodeld in Sources */,
				1C8CE4CF27A5CFAA00997527 /* SceneDelegate.swift in Sources */,
				1C8CE4FC27A61F9900997527 /* IngredientSelectionViewController.swift in Sources */,
			);
			runOnlyForDeploymentPostprocessing = 0;
		};
/* End PBXSourcesBuildPhase section */

/* Begin PBXVariantGroup section */
		1C8CE4D227A5CFAA00997527 /* Main.storyboard */ = {
			isa = PBXVariantGroup;
			children = (
				1C8CE4D327A5CFAA00997527 /* Base */,
			);
			name = Main.storyboard;
			sourceTree = "<group>";
		};
		1C8CE4DA27A5CFAD00997527 /* LaunchScreen.storyboard */ = {
			isa = PBXVariantGroup;
			children = (
				1C8CE4DB27A5CFAD00997527 /* Base */,
			);
			name = LaunchScreen.storyboard;
			sourceTree = "<group>";
		};
/* End PBXVariantGroup section */

/* Begin XCBuildConfiguration section */
		1C8CE4DE27A5CFAD00997527 /* Debug */ = {
			isa = XCBuildConfiguration;
			buildSettings = {
				ALWAYS_SEARCH_USER_PATHS = NO;
				CLANG_ANALYZER_NONNULL = YES;
				CLANG_ANALYZER_NUMBER_OBJECT_CONVERSION = YES_AGGRESSIVE;
				CLANG_CXX_LANGUAGE_STANDARD = "gnu++14";
				CLANG_CXX_LIBRARY = "libc++";
				CLANG_ENABLE_MODULES = YES;
				CLANG_ENABLE_OBJC_ARC = YES;
				CLANG_ENABLE_OBJC_WEAK = YES;
				CLANG_WARN_BLOCK_CAPTURE_AUTORELEASING = YES;
				CLANG_WARN_BOOL_CONVERSION = YES;
				CLANG_WARN_COMMA = YES;
				CLANG_WARN_CONSTANT_CONVERSION = YES;
				CLANG_WARN_DEPRECATED_OBJC_IMPLEMENTATIONS = YES;
				CLANG_WARN_DIRECT_OBJC_ISA_USAGE = YES_ERROR;
				CLANG_WARN_DOCUMENTATION_COMMENTS = YES;
				CLANG_WARN_EMPTY_BODY = YES;
				CLANG_WARN_ENUM_CONVERSION = YES;
				CLANG_WARN_INFINITE_RECURSION = YES;
				CLANG_WARN_INT_CONVERSION = YES;
				CLANG_WARN_NON_LITERAL_NULL_CONVERSION = YES;
				CLANG_WARN_OBJC_IMPLICIT_RETAIN_SELF = YES;
				CLANG_WARN_OBJC_LITERAL_CONVERSION = YES;
				CLANG_WARN_OBJC_ROOT_CLASS = YES_ERROR;
				CLANG_WARN_QUOTED_INCLUDE_IN_FRAMEWORK_HEADER = YES;
				CLANG_WARN_RANGE_LOOP_ANALYSIS = YES;
				CLANG_WARN_STRICT_PROTOTYPES = YES;
				CLANG_WARN_SUSPICIOUS_MOVE = YES;
				CLANG_WARN_UNGUARDED_AVAILABILITY = YES_AGGRESSIVE;
				CLANG_WARN_UNREACHABLE_CODE = YES;
				CLANG_WARN__DUPLICATE_METHOD_MATCH = YES;
				COPY_PHASE_STRIP = NO;
				DEBUG_INFORMATION_FORMAT = dwarf;
				ENABLE_STRICT_OBJC_MSGSEND = YES;
				ENABLE_TESTABILITY = YES;
				GCC_C_LANGUAGE_STANDARD = gnu11;
				GCC_DYNAMIC_NO_PIC = NO;
				GCC_NO_COMMON_BLOCKS = YES;
				GCC_OPTIMIZATION_LEVEL = 0;
				GCC_PREPROCESSOR_DEFINITIONS = (
					"DEBUG=1",
					"$(inherited)",
				);
				GCC_WARN_64_TO_32_BIT_CONVERSION = YES;
				GCC_WARN_ABOUT_RETURN_TYPE = YES_ERROR;
				GCC_WARN_UNDECLARED_SELECTOR = YES;
				GCC_WARN_UNINITIALIZED_AUTOS = YES_AGGRESSIVE;
				GCC_WARN_UNUSED_FUNCTION = YES;
				GCC_WARN_UNUSED_VARIABLE = YES;
				IPHONEOS_DEPLOYMENT_TARGET = 14.4;
				MTL_ENABLE_DEBUG_INFO = INCLUDE_SOURCE;
				MTL_FAST_MATH = YES;
				ONLY_ACTIVE_ARCH = YES;
				SDKROOT = iphoneos;
				SWIFT_ACTIVE_COMPILATION_CONDITIONS = DEBUG;
				SWIFT_OPTIMIZATION_LEVEL = "-Onone";
			};
			name = Debug;
		};
		1C8CE4DF27A5CFAD00997527 /* Release */ = {
			isa = XCBuildConfiguration;
			buildSettings = {
				ALWAYS_SEARCH_USER_PATHS = NO;
				CLANG_ANALYZER_NONNULL = YES;
				CLANG_ANALYZER_NUMBER_OBJECT_CONVERSION = YES_AGGRESSIVE;
				CLANG_CXX_LANGUAGE_STANDARD = "gnu++14";
				CLANG_CXX_LIBRARY = "libc++";
				CLANG_ENABLE_MODULES = YES;
				CLANG_ENABLE_OBJC_ARC = YES;
				CLANG_ENABLE_OBJC_WEAK = YES;
				CLANG_WARN_BLOCK_CAPTURE_AUTORELEASING = YES;
				CLANG_WARN_BOOL_CONVERSION = YES;
				CLANG_WARN_COMMA = YES;
				CLANG_WARN_CONSTANT_CONVERSION = YES;
				CLANG_WARN_DEPRECATED_OBJC_IMPLEMENTATIONS = YES;
				CLANG_WARN_DIRECT_OBJC_ISA_USAGE = YES_ERROR;
				CLANG_WARN_DOCUMENTATION_COMMENTS = YES;
				CLANG_WARN_EMPTY_BODY = YES;
				CLANG_WARN_ENUM_CONVERSION = YES;
				CLANG_WARN_INFINITE_RECURSION = YES;
				CLANG_WARN_INT_CONVERSION = YES;
				CLANG_WARN_NON_LITERAL_NULL_CONVERSION = YES;
				CLANG_WARN_OBJC_IMPLICIT_RETAIN_SELF = YES;
				CLANG_WARN_OBJC_LITERAL_CONVERSION = YES;
				CLANG_WARN_OBJC_ROOT_CLASS = YES_ERROR;
				CLANG_WARN_QUOTED_INCLUDE_IN_FRAMEWORK_HEADER = YES;
				CLANG_WARN_RANGE_LOOP_ANALYSIS = YES;
				CLANG_WARN_STRICT_PROTOTYPES = YES;
				CLANG_WARN_SUSPICIOUS_MOVE = YES;
				CLANG_WARN_UNGUARDED_AVAILABILITY = YES_AGGRESSIVE;
				CLANG_WARN_UNREACHABLE_CODE = YES;
				CLANG_WARN__DUPLICATE_METHOD_MATCH = YES;
				COPY_PHASE_STRIP = NO;
				DEBUG_INFORMATION_FORMAT = "dwarf-with-dsym";
				ENABLE_NS_ASSERTIONS = NO;
				ENABLE_STRICT_OBJC_MSGSEND = YES;
				GCC_C_LANGUAGE_STANDARD = gnu11;
				GCC_NO_COMMON_BLOCKS = YES;
				GCC_WARN_64_TO_32_BIT_CONVERSION = YES;
				GCC_WARN_ABOUT_RETURN_TYPE = YES_ERROR;
				GCC_WARN_UNDECLARED_SELECTOR = YES;
				GCC_WARN_UNINITIALIZED_AUTOS = YES_AGGRESSIVE;
				GCC_WARN_UNUSED_FUNCTION = YES;
				GCC_WARN_UNUSED_VARIABLE = YES;
				IPHONEOS_DEPLOYMENT_TARGET = 14.4;
				MTL_ENABLE_DEBUG_INFO = NO;
				MTL_FAST_MATH = YES;
				SDKROOT = iphoneos;
				SWIFT_COMPILATION_MODE = wholemodule;
				SWIFT_OPTIMIZATION_LEVEL = "-O";
				VALIDATE_PRODUCT = YES;
			};
			name = Release;
		};
		1C8CE4E127A5CFAD00997527 /* Debug */ = {
			isa = XCBuildConfiguration;
			baseConfigurationReference = 5B3D5B575BF561050900079C /* Pods-hungr.debug.xcconfig */;
			buildSettings = {
				ASSETCATALOG_COMPILER_APPICON_NAME = AppIcon;
				ASSETCATALOG_COMPILER_GLOBAL_ACCENT_COLOR_NAME = AccentColor;
				CODE_SIGN_STYLE = Automatic;
				INFOPLIST_FILE = hungr/Info.plist;
				LD_RUNPATH_SEARCH_PATHS = (
					"$(inherited)",
					"@executable_path/Frameworks",
				);
				PRODUCT_BUNDLE_IDENTIFIER = com.example..hungr;
				PRODUCT_NAME = "$(TARGET_NAME)";
				SWIFT_VERSION = 5.0;
				TARGETED_DEVICE_FAMILY = "1,2";
			};
			name = Debug;
		};
		1C8CE4E227A5CFAD00997527 /* Release */ = {
			isa = XCBuildConfiguration;
			baseConfigurationReference = 2B25DA0BEEF19D53E3F8BF3F /* Pods-hungr.release.xcconfig */;
			buildSettings = {
				ASSETCATALOG_COMPILER_APPICON_NAME = AppIcon;
				ASSETCATALOG_COMPILER_GLOBAL_ACCENT_COLOR_NAME = AccentColor;
				CODE_SIGN_STYLE = Automatic;
				INFOPLIST_FILE = hungr/Info.plist;
				LD_RUNPATH_SEARCH_PATHS = (
					"$(inherited)",
					"@executable_path/Frameworks",
				);
				PRODUCT_BUNDLE_IDENTIFIER = com.example..hungr;
				PRODUCT_NAME = "$(TARGET_NAME)";
				SWIFT_VERSION = 5.0;
				TARGETED_DEVICE_FAMILY = "1,2";
			};
			name = Release;
		};
/* End XCBuildConfiguration section */

/* Begin XCConfigurationList section */
		1C8CE4C427A5CFAA00997527 /* Build configuration list for PBXProject "hungr" */ = {
			isa = XCConfigurationList;
			buildConfigurations = (
				1C8CE4DE27A5CFAD00997527 /* Debug */,
				1C8CE4DF27A5CFAD00997527 /* Release */,
			);
			defaultConfigurationIsVisible = 0;
			defaultConfigurationName = Release;
		};
		1C8CE4E027A5CFAD00997527 /* Build configuration list for PBXNativeTarget "hungr" */ = {
			isa = XCConfigurationList;
			buildConfigurations = (
				1C8CE4E127A5CFAD00997527 /* Debug */,
				1C8CE4E227A5CFAD00997527 /* Release */,
			);
			defaultConfigurationIsVisible = 0;
			defaultConfigurationName = Release;
		};
/* End XCConfigurationList section */

/* Begin XCVersionGroup section */
		1C8CE4D527A5CFAA00997527 /* hungr.xcdatamodeld */ = {
			isa = XCVersionGroup;
			children = (
				1C8CE4D627A5CFAA00997527 /* hungr.xcdatamodel */,
			);
			currentVersion = 1C8CE4D627A5CFAA00997527 /* hungr.xcdatamodel */;
			path = hungr.xcdatamodeld;
			sourceTree = "<group>";
			versionGroupType = wrapper.xcdatamodel;
		};
/* End XCVersionGroup section */
	};
	rootObject = 1C8CE4C127A5CFAA00997527 /* Project object */;
}
